// !$*UTF8*$!
{
	archiveVersion = 1;
	classes = {
	};
	objectVersion = 50;
	objects = {

/* Begin PBXBuildFile section */
		FA5608892734638C008B2A11 /* NewsData.swift in Sources */ = {isa = PBXBuildFile; fileRef = FA5608882734638C008B2A11 /* NewsData.swift */; };
		FACF086127331366005BE3E9 /* SavedNewsTableViewController.swift in Sources */ = {isa = PBXBuildFile; fileRef = FACF086027331366005BE3E9 /* SavedNewsTableViewController.swift */; };
		FAD33710273076340010582F /* AppDelegate.swift in Sources */ = {isa = PBXBuildFile; fileRef = FAD3370F273076340010582F /* AppDelegate.swift */; };
		FAD33712273076340010582F /* SceneDelegate.swift in Sources */ = {isa = PBXBuildFile; fileRef = FAD33711273076340010582F /* SceneDelegate.swift */; };
		FAD33714273076340010582F /* NewsWKWebViewController.swift in Sources */ = {isa = PBXBuildFile; fileRef = FAD33713273076340010582F /* NewsWKWebViewController.swift */; };
		FAD33717273076340010582F /* Main.storyboard in Resources */ = {isa = PBXBuildFile; fileRef = FAD33715273076340010582F /* Main.storyboard */; };
		FAD3371A273076340010582F /* NewsFour.xcdatamodeld in Sources */ = {isa = PBXBuildFile; fileRef = FAD33718273076340010582F /* NewsFour.xcdatamodeld */; };
		FAD3371C273076380010582F /* Assets.xcassets in Resources */ = {isa = PBXBuildFile; fileRef = FAD3371B273076380010582F /* Assets.xcassets */; };
		FAD3371F273076380010582F /* LaunchScreen.storyboard in Resources */ = {isa = PBXBuildFile; fileRef = FAD3371D273076380010582F /* LaunchScreen.storyboard */; };
		FAD33729273077BC0010582F /* NewsTableViewController.swift in Sources */ = {isa = PBXBuildFile; fileRef = FAD33728273077BC0010582F /* NewsTableViewController.swift */; };
		FAD3372D27307C6E0010582F /* NewsDataModel.swift in Sources */ = {isa = PBXBuildFile; fileRef = FAD3372C27307C6E0010582F /* NewsDataModel.swift */; };
		FAD33731273094B70010582F /* NewsManager.swift in Sources */ = {isa = PBXBuildFile; fileRef = FAD33730273094B70010582F /* NewsManager.swift */; };
		FAD33735273095590010582F /* NewsTableViewCell.swift in Sources */ = {isa = PBXBuildFile; fileRef = FAD33733273095590010582F /* NewsTableViewCell.swift */; };
		FAD33736273095590010582F /* NewsTableViewCell.xib in Resources */ = {isa = PBXBuildFile; fileRef = FAD33734273095590010582F /* NewsTableViewCell.xib */; };
/* End PBXBuildFile section */

/* Begin PBXFileReference section */
		FA5608882734638C008B2A11 /* NewsData.swift */ = {isa = PBXFileReference; lastKnownFileType = sourcecode.swift; path = NewsData.swift; sourceTree = "<group>"; };
		FACF086027331366005BE3E9 /* SavedNewsTableViewController.swift */ = {isa = PBXFileReference; lastKnownFileType = sourcecode.swift; path = SavedNewsTableViewController.swift; sourceTree = "<group>"; };
		FAD3370C273076330010582F /* NewsFour.app */ = {isa = PBXFileReference; explicitFileType = wrapper.application; includeInIndex = 0; path = NewsFour.app; sourceTree = BUILT_PRODUCTS_DIR; };
		FAD3370F273076340010582F /* AppDelegate.swift */ = {isa = PBXFileReference; lastKnownFileType = sourcecode.swift; path = AppDelegate.swift; sourceTree = "<group>"; };
		FAD33711273076340010582F /* SceneDelegate.swift */ = {isa = PBXFileReference; lastKnownFileType = sourcecode.swift; path = SceneDelegate.swift; sourceTree = "<group>"; };
		FAD33713273076340010582F /* NewsWKWebViewController.swift */ = {isa = PBXFileReference; lastKnownFileType = sourcecode.swift; path = NewsWKWebViewController.swift; sourceTree = "<group>"; };
		FAD33716273076340010582F /* Base */ = {isa = PBXFileReference; lastKnownFileType = file.storyboard; name = Base; path = Base.lproj/Main.storyboard; sourceTree = "<group>"; };
		FAD33719273076340010582F /* NewsFour.xcdatamodel */ = {isa = PBXFileReference; lastKnownFileType = wrapper.xcdatamodel; path = NewsFour.xcdatamodel; sourceTree = "<group>"; };
		FAD3371B273076380010582F /* Assets.xcassets */ = {isa = PBXFileReference; lastKnownFileType = folder.assetcatalog; path = Assets.xcassets; sourceTree = "<group>"; };
		FAD3371E273076380010582F /* Base */ = {isa = PBXFileReference; lastKnownFileType = file.storyboard; name = Base; path = Base.lproj/LaunchScreen.storyboard; sourceTree = "<group>"; };
		FAD33720273076380010582F /* Info.plist */ = {isa = PBXFileReference; lastKnownFileType = text.plist.xml; path = Info.plist; sourceTree = "<group>"; };
		FAD33728273077BC0010582F /* NewsTableViewController.swift */ = {isa = PBXFileReference; lastKnownFileType = sourcecode.swift; path = NewsTableViewController.swift; sourceTree = "<group>"; };
		FAD3372C27307C6E0010582F /* NewsDataModel.swift */ = {isa = PBXFileReference; lastKnownFileType = sourcecode.swift; path = NewsDataModel.swift; sourceTree = "<group>"; };
		FAD33730273094B70010582F /* NewsManager.swift */ = {isa = PBXFileReference; lastKnownFileType = sourcecode.swift; path = NewsManager.swift; sourceTree = "<group>"; };
		FAD33733273095590010582F /* NewsTableViewCell.swift */ = {isa = PBXFileReference; lastKnownFileType = sourcecode.swift; path = NewsTableViewCell.swift; sourceTree = "<group>"; };
		FAD33734273095590010582F /* NewsTableViewCell.xib */ = {isa = PBXFileReference; lastKnownFileType = file.xib; path = NewsTableViewCell.xib; sourceTree = "<group>"; };
/* End PBXFileReference section */

/* Begin PBXFrameworksBuildPhase section */
		FAD33709273076330010582F /* Frameworks */ = {
			isa = PBXFrameworksBuildPhase;
			buildActionMask = 2147483647;
			files = (
			);
			runOnlyForDeploymentPostprocessing = 0;
		};
/* End PBXFrameworksBuildPhase section */

/* Begin PBXGroup section */
		FAD33703273076330010582F = {
			isa = PBXGroup;
			children = (
				FAD3370E273076330010582F /* NewsFour */,
				FAD3370D273076330010582F /* Products */,
			);
			sourceTree = "<group>";
		};
		FAD3370D273076330010582F /* Products */ = {
			isa = PBXGroup;
			children = (
				FAD3370C273076330010582F /* NewsFour.app */,
			);
			name = Products;
			sourceTree = "<group>";
		};
		FAD3370E273076330010582F /* NewsFour */ = {
			isa = PBXGroup;
			children = (
				FAD3370F273076340010582F /* AppDelegate.swift */,
				FAD33711273076340010582F /* SceneDelegate.swift */,
				FAD3373A2731BB590010582F /* Controller */,
				FAD3373C2731BC660010582F /* Model */,
				FAD3373D2731BC960010582F /* View */,
				FAD3371B273076380010582F /* Assets.xcassets */,
				FAD3371D273076380010582F /* LaunchScreen.storyboard */,
				FAD33720273076380010582F /* Info.plist */,
				FAD33718273076340010582F /* NewsFour.xcdatamodeld */,
			);
			path = NewsFour;
			sourceTree = "<group>";
		};
		FAD3373A2731BB590010582F /* Controller */ = {
			isa = PBXGroup;
			children = (
				FAD33728273077BC0010582F /* NewsTableViewController.swift */,
				FAD33733273095590010582F /* NewsTableViewCell.swift */,
				FAD33713273076340010582F /* NewsWKWebViewController.swift */,
				FACF086027331366005BE3E9 /* SavedNewsTableViewController.swift */,
			);
			path = Controller;
			sourceTree = "<group>";
		};
		FAD3373C2731BC660010582F /* Model */ = {
			isa = PBXGroup;
			children = (
				FA5608882734638C008B2A11 /* NewsData.swift */,
				FAD33730273094B70010582F /* NewsManager.swift */,
				FAD3372C27307C6E0010582F /* NewsDataModel.swift */,
			);
			path = Model;
			sourceTree = "<group>";
		};
		FAD3373D2731BC960010582F /* View */ = {
			isa = PBXGroup;
			children = (
				FAD33715273076340010582F /* Main.storyboard */,
				FAD33734273095590010582F /* NewsTableViewCell.xib */,
			);
			path = View;
			sourceTree = "<group>";
		};
/* End PBXGroup section */

/* Begin PBXNativeTarget section */
		FAD3370B273076330010582F /* NewsFour */ = {
			isa = PBXNativeTarget;
			buildConfigurationList = FAD33723273076380010582F /* Build configuration list for PBXNativeTarget "NewsFour" */;
			buildPhases = (
				FAD33708273076330010582F /* Sources */,
				FAD33709273076330010582F /* Frameworks */,
				FAD3370A273076330010582F /* Resources */,
			);
			buildRules = (
			);
			dependencies = (
			);
			name = NewsFour;
			productName = NewsFour;
			productReference = FAD3370C273076330010582F /* NewsFour.app */;
			productType = "com.apple.product-type.application";
		};
/* End PBXNativeTarget section */

/* Begin PBXProject section */
		FAD33704273076330010582F /* Project object */ = {
			isa = PBXProject;
			attributes = {
				LastSwiftUpdateCheck = 1240;
				LastUpgradeCheck = 1240;
				TargetAttributes = {
					FAD3370B273076330010582F = {
						CreatedOnToolsVersion = 12.4;
					};
				};
			};
			buildConfigurationList = FAD33707273076330010582F /* Build configuration list for PBXProject "NewsFour" */;
			compatibilityVersion = "Xcode 9.3";
			developmentRegion = en;
			hasScannedForEncodings = 0;
			knownRegions = (
				en,
				Base,
			);
			mainGroup = FAD33703273076330010582F;
			productRefGroup = FAD3370D273076330010582F /* Products */;
			projectDirPath = "";
			projectRoot = "";
			targets = (
				FAD3370B273076330010582F /* NewsFour */,
			);
		};
/* End PBXProject section */

/* Begin PBXResourcesBuildPhase section */
		FAD3370A273076330010582F /* Resources */ = {
			isa = PBXResourcesBuildPhase;
			buildActionMask = 2147483647;
			files = (
				FAD3371F273076380010582F /* LaunchScreen.storyboard in Resources */,
				FAD3371C273076380010582F /* Assets.xcassets in Resources */,
				FAD33736273095590010582F /* NewsTableViewCell.xib in Resources */,
				FAD33717273076340010582F /* Main.storyboard in Resources */,
			);
			runOnlyForDeploymentPostprocessing = 0;
		};
/* End PBXResourcesBuildPhase section */

/* Begin PBXSourcesBuildPhase section */
		FAD33708273076330010582F /* Sources */ = {
			isa = PBXSourcesBuildPhase;
			buildActionMask = 2147483647;
			files = (
				FAD33714273076340010582F /* NewsWKWebViewController.swift in Sources */,
				FAD33710273076340010582F /* AppDelegate.swift in Sources */,
				FAD33735273095590010582F /* NewsTableViewCell.swift in Sources */,
				FAD3372D27307C6E0010582F /* NewsDataModel.swift in Sources */,
				FA5608892734638C008B2A11 /* NewsData.swift in Sources */,
				FAD3371A273076340010582F /* NewsFour.xcdatamodeld in Sources */,
				FAD33729273077BC0010582F /* NewsTableViewController.swift in Sources */,
				FAD33731273094B70010582F /* NewsManager.swift in Sources */,
				FAD33712273076340010582F /* SceneDelegate.swift in Sources */,
				FACF086127331366005BE3E9 /* SavedNewsTableViewController.swift in Sources */,
			);
			runOnlyForDeploymentPostprocessing = 0;
		};
/* End PBXSourcesBuildPhase section */

/* Begin PBXVariantGroup section */
		FAD33715273076340010582F /* Main.storyboard */ = {
			isa = PBXVariantGroup;
			children = (
				FAD33716273076340010582F /* Base */,
			);
			name = Main.storyboard;
			sourceTree = "<group>";
		};
		FAD3371D273076380010582F /* LaunchScreen.storyboard */ = {
			isa = PBXVariantGroup;
			children = (
				FAD3371E273076380010582F /* Base */,
			);
			name = LaunchScreen.storyboard;
			sourceTree = "<group>";
		};
/* End PBXVariantGroup section */

/* Begin XCBuildConfiguration section */
		FAD33721273076380010582F /* Debug */ = {
			isa = XCBuildConfiguration;
			buildSettings = {
				ALWAYS_SEARCH_USER_PATHS = NO;
				CLANG_ANALYZER_NONNULL = YES;
				CLANG_ANALYZER_NUMBER_OBJECT_CONVERSION = YES_AGGRESSIVE;
				CLANG_CXX_LANGUAGE_STANDARD = "gnu++14";
				CLANG_CXX_LIBRARY = "libc++";
				CLANG_ENABLE_MODULES = YES;
				CLANG_ENABLE_OBJC_ARC = YES;
				CLANG_ENABLE_OBJC_WEAK = YES;
				CLANG_WARN_BLOCK_CAPTURE_AUTORELEASING = YES;
				CLANG_WARN_BOOL_CONVERSION = YES;
				CLANG_WARN_COMMA = YES;
				CLANG_WARN_CONSTANT_CONVERSION = YES;
				CLANG_WARN_DEPRECATED_OBJC_IMPLEMENTATIONS = YES;
				CLANG_WARN_DIRECT_OBJC_ISA_USAGE = YES_ERROR;
				CLANG_WARN_DOCUMENTATION_COMMENTS = YES;
				CLANG_WARN_EMPTY_BODY = YES;
				CLANG_WARN_ENUM_CONVERSION = YES;
				CLANG_WARN_INFINITE_RECURSION = YES;
				CLANG_WARN_INT_CONVERSION = YES;
				CLANG_WARN_NON_LITERAL_NULL_CONVERSION = YES;
				CLANG_WARN_OBJC_IMPLICIT_RETAIN_SELF = YES;
				CLANG_WARN_OBJC_LITERAL_CONVERSION = YES;
				CLANG_WARN_OBJC_ROOT_CLASS = YES_ERROR;
				CLANG_WARN_QUOTED_INCLUDE_IN_FRAMEWORK_HEADER = YES;
				CLANG_WARN_RANGE_LOOP_ANALYSIS = YES;
				CLANG_WARN_STRICT_PROTOTYPES = YES;
				CLANG_WARN_SUSPICIOUS_MOVE = YES;
				CLANG_WARN_UNGUARDED_AVAILABILITY = YES_AGGRESSIVE;
				CLANG_WARN_UNREACHABLE_CODE = YES;
				CLANG_WARN__DUPLICATE_METHOD_MATCH = YES;
				COPY_PHASE_STRIP = NO;
				DEBUG_INFORMATION_FORMAT = dwarf;
				ENABLE_STRICT_OBJC_MSGSEND = YES;
				ENABLE_TESTABILITY = YES;
				GCC_C_LANGUAGE_STANDARD = gnu11;
				GCC_DYNAMIC_NO_PIC = NO;
				GCC_NO_COMMON_BLOCKS = YES;
				GCC_OPTIMIZATION_LEVEL = 0;
				GCC_PREPROCESSOR_DEFINITIONS = (
					"DEBUG=1",
					"$(inherited)",
				);
				GCC_WARN_64_TO_32_BIT_CONVERSION = YES;
				GCC_WARN_ABOUT_RETURN_TYPE = YES_ERROR;
				GCC_WARN_UNDECLARED_SELECTOR = YES;
				GCC_WARN_UNINITIALIZED_AUTOS = YES_AGGRESSIVE;
				GCC_WARN_UNUSED_FUNCTION = YES;
				GCC_WARN_UNUSED_VARIABLE = YES;
				IPHONEOS_DEPLOYMENT_TARGET = 14.4;
				MTL_ENABLE_DEBUG_INFO = INCLUDE_SOURCE;
				MTL_FAST_MATH = YES;
				ONLY_ACTIVE_ARCH = YES;
				SDKROOT = iphoneos;
				SWIFT_ACTIVE_COMPILATION_CONDITIONS = DEBUG;
				SWIFT_OPTIMIZATION_LEVEL = "-Onone";
			};
			name = Debug;
		};
		FAD33722273076380010582F /* Release */ = {
			isa = XCBuildConfiguration;
			buildSettings = {
				ALWAYS_SEARCH_USER_PATHS = NO;
				CLANG_ANALYZER_NONNULL = YES;
				CLANG_ANALYZER_NUMBER_OBJECT_CONVERSION = YES_AGGRESSIVE;
				CLANG_CXX_LANGUAGE_STANDARD = "gnu++14";
				CLANG_CXX_LIBRARY = "libc++";
				CLANG_ENABLE_MODULES = YES;
				CLANG_ENABLE_OBJC_ARC = YES;
				CLANG_ENABLE_OBJC_WEAK = YES;
				CLANG_WARN_BLOCK_CAPTURE_AUTORELEASING = YES;
				CLANG_WARN_BOOL_CONVERSION = YES;
				CLANG_WARN_COMMA = YES;
				CLANG_WARN_CONSTANT_CONVERSION = YES;
				CLANG_WARN_DEPRECATED_OBJC_IMPLEMENTATIONS = YES;
				CLANG_WARN_DIRECT_OBJC_ISA_USAGE = YES_ERROR;
				CLANG_WARN_DOCUMENTATION_COMMENTS = YES;
				CLANG_WARN_EMPTY_BODY = YES;
				CLANG_WARN_ENUM_CONVERSION = YES;
				CLANG_WARN_INFINITE_RECURSION = YES;
				CLANG_WARN_INT_CONVERSION = YES;
				CLANG_WARN_NON_LITERAL_NULL_CONVERSION = YES;
				CLANG_WARN_OBJC_IMPLICIT_RETAIN_SELF = YES;
				CLANG_WARN_OBJC_LITERAL_CONVERSION = YES;
				CLANG_WARN_OBJC_ROOT_CLASS = YES_ERROR;
				CLANG_WARN_QUOTED_INCLUDE_IN_FRAMEWORK_HEADER = YES;
				CLANG_WARN_RANGE_LOOP_ANALYSIS = YES;
				CLANG_WARN_STRICT_PROTOTYPES = YES;
				CLANG_WARN_SUSPICIOUS_MOVE = YES;
				CLANG_WARN_UNGUARDED_AVAILABILITY = YES_AGGRESSIVE;
				CLANG_WARN_UNREACHABLE_CODE = YES;
				CLANG_WARN__DUPLICATE_METHOD_MATCH = YES;
				COPY_PHASE_STRIP = NO;
				DEBUG_INFORMATION_FORMAT = "dwarf-with-dsym";
				ENABLE_NS_ASSERTIONS = NO;
				ENABLE_STRICT_OBJC_MSGSEND = YES;
				GCC_C_LANGUAGE_STANDARD = gnu11;
				GCC_NO_COMMON_BLOCKS = YES;
				GCC_WARN_64_TO_32_BIT_CONVERSION = YES;
				GCC_WARN_ABOUT_RETURN_TYPE = YES_ERROR;
				GCC_WARN_UNDECLARED_SELECTOR = YES;
				GCC_WARN_UNINITIALIZED_AUTOS = YES_AGGRESSIVE;
				GCC_WARN_UNUSED_FUNCTION = YES;
				GCC_WARN_UNUSED_VARIABLE = YES;
				IPHONEOS_DEPLOYMENT_TARGET = 14.4;
				MTL_ENABLE_DEBUG_INFO = NO;
				MTL_FAST_MATH = YES;
				SDKROOT = iphoneos;
				SWIFT_COMPILATION_MODE = wholemodule;
				SWIFT_OPTIMIZATION_LEVEL = "-O";
				VALIDATE_PRODUCT = YES;
			};
			name = Release;
		};
		FAD33724273076380010582F /* Debug */ = {
			isa = XCBuildConfiguration;
			buildSettings = {
				ASSETCATALOG_COMPILER_APPICON_NAME = AppIcon;
				ASSETCATALOG_COMPILER_GLOBAL_ACCENT_COLOR_NAME = AccentColor;
				CODE_SIGN_STYLE = Automatic;
				DEVELOPMENT_TEAM = K33FXWL25N;
				INFOPLIST_FILE = NewsFour/Info.plist;
				LD_RUNPATH_SEARCH_PATHS = (
					"$(inherited)",
					"@executable_path/Frameworks",
				);
				PRODUCT_BUNDLE_IDENTIFIER = co.AOS.NewsFour;
				PRODUCT_NAME = "$(TARGET_NAME)";
				SWIFT_VERSION = 5.0;
				TARGETED_DEVICE_FAMILY = "1,2";
			};
			name = Debug;
		};
		FAD33725273076380010582F /* Release */ = {
			isa = XCBuildConfiguration;
			buildSettings = {
				ASSETCATALOG_COMPILER_APPICON_NAME = AppIcon;
				ASSETCATALOG_COMPILER_GLOBAL_ACCENT_COLOR_NAME = AccentColor;
				CODE_SIGN_STYLE = Automatic;
				DEVELOPMENT_TEAM = K33FXWL25N;
				INFOPLIST_FILE = NewsFour/Info.plist;
				LD_RUNPATH_SEARCH_PATHS = (
					"$(inherited)",
					"@executable_path/Frameworks",
				);
				PRODUCT_BUNDLE_IDENTIFIER = co.AOS.NewsFour;
				PRODUCT_NAME = "$(TARGET_NAME)";
				SWIFT_VERSION = 5.0;
				TARGETED_DEVICE_FAMILY = "1,2";
			};
			name = Release;
		};
/* End XCBuildConfiguration section */

/* Begin XCConfigurationList section */
		FAD33707273076330010582F /* Build configuration list for PBXProject "NewsFour" */ = {
			isa = XCConfigurationList;
			buildConfigurations = (
				FAD33721273076380010582F /* Debug */,
				FAD33722273076380010582F /* Release */,
			);
			defaultConfigurationIsVisible = 0;
			defaultConfigurationName = Release;
		};
		FAD33723273076380010582F /* Build configuration list for PBXNativeTarget "NewsFour" */ = {
			isa = XCConfigurationList;
			buildConfigurations = (
				FAD33724273076380010582F /* Debug */,
				FAD33725273076380010582F /* Release */,
			);
			defaultConfigurationIsVisible = 0;
			defaultConfigurationName = Release;
		};
/* End XCConfigurationList section */

/* Begin XCVersionGroup section */
		FAD33718273076340010582F /* NewsFour.xcdatamodeld */ = {
			isa = XCVersionGroup;
			children = (
				FAD33719273076340010582F /* NewsFour.xcdatamodel */,
			);
			currentVersion = FAD33719273076340010582F /* NewsFour.xcdatamodel */;
			path = NewsFour.xcdatamodeld;
			sourceTree = "<group>";
			versionGroupType = wrapper.xcdatamodel;
		};
/* End XCVersionGroup section */
	};
	rootObject = FAD33704273076330010582F /* Project object */;
}
